
Microsoft Visual Studio Solution File, Format Version 12.00
# Visual Studio Version 17
VisualStudioVersion = 17.13.35825.156
MinimumVisualStudioVersion = 10.0.40219.1
Project("{FAE04EC0-301F-11D3-BF4B-00C04F79EFBC}") = "MiddlewareExample", "MiddlewareExample\MiddlewareExample.csproj", "{F28F3BC9-DD16-4C2F-A6F3-7360EA4EE6E3}"
EndProject
Global
	GlobalSection(SolutionConfigurationPlatforms) = preSolution
		Debug|Any CPU = Debug|Any CPU
		Release|Any CPU = Release|Any CPU
	EndGlobalSection
	GlobalSection(ProjectConfigurationPlatforms) = postSolution
		{F28F3BC9-DD16-4C2F-A6F3-7360EA4EE6E3}.Debug|Any CPU.ActiveCfg = Debug|Any CPU
		{F28F3BC9-DD16-4C2F-A6F3-7360EA4EE6E3}.Debug|Any CPU.Build.0 = Debug|Any CPU
		{F28F3BC9-DD16-4C2F-A6F3-7360EA4EE6E3}.Release|Any CPU.ActiveCfg = Release|Any CPU
		{F28F3BC9-DD16-4C2F-A6F3-7360EA4EE6E3}.Release|Any CPU.Build.0 = Release|Any CPU
	EndGlobalSection
	GlobalSection(SolutionProperties) = preSolution
		HideSolutionNode = FALSE
	EndGlobalSection
	GlobalSection(ExtensibilityGlobals) = postSolution
		SolutionGuid = {CE45EF57-BACB-4E55-B8B4-3F7635C7F09E}
	EndGlobalSection
EndGlobal
